
Microsoft Visual Studio Solution File, Format Version 12.00
Project("{FAE04EC0-301F-11D3-BF4B-00C04F79EFBC}") = "02Tsymbal", "02Tsymbal\02Tsymbal.csproj", "{DB49E7F7-3157-4487-B5F2-44D9F530D42A}"
EndProject
Global
	GlobalSection(SolutionConfigurationPlatforms) = preSolution
		Debug|Any CPU = Debug|Any CPU
		Release|Any CPU = Release|Any CPU
	EndGlobalSection
	GlobalSection(ProjectConfigurationPlatforms) = postSolution
		{DB49E7F7-3157-4487-B5F2-44D9F530D42A}.Debug|Any CPU.ActiveCfg = Debug|Any CPU
		{DB49E7F7-3157-4487-B5F2-44D9F530D42A}.Debug|Any CPU.Build.0 = Debug|Any CPU
		{DB49E7F7-3157-4487-B5F2-44D9F530D42A}.Release|Any CPU.ActiveCfg = Release|Any CPU
		{DB49E7F7-3157-4487-B5F2-44D9F530D42A}.Release|Any CPU.Build.0 = Release|Any CPU
	EndGlobalSection
EndGlobal
